
Microsoft Visual Studio Solution File, Format Version 11.00
# Visual Studio 2010
Project("{FAE04EC0-301F-11D3-BF4B-00C04F79EFBC}") = "ButtonCreation", "ButtonCreation\ButtonCreation.csproj", "{4bc409af-ed26-4603-b058-2f30af41d52d}"
EndProject
Global
	GlobalSection(SolutionConfigurationPlatforms) = preSolution
		Debug|Any CPU = Debug|Any CPU
		Release|Any CPU = Release|Any CPU
	EndGlobalSection
	GlobalSection(ProjectConfigurationPlatforms) = postSolution
		{4BC409AF-ED26-4603-B058-2F30AF41D52D}.Debug|Any CPU.ActiveCfg = Debug|Any CPU
		{4BC409AF-ED26-4603-B058-2F30AF41D52D}.Debug|Any CPU.Build.0 = Debug|Any CPU
		{4BC409AF-ED26-4603-B058-2F30AF41D52D}.Release|Any CPU.ActiveCfg = Release|Any CPU
		{4BC409AF-ED26-4603-B058-2F30AF41D52D}.Release|Any CPU.Build.0 = Release|Any CPU
	EndGlobalSection
EndGlobal
